
Microsoft Visual Studio Solution File, Format Version 12.00
# Visual Studio 14
VisualStudioVersion = 14.0.25420.1
MinimumVisualStudioVersion = 10.0.40219.1
Project("{FAE04EC0-301F-11D3-BF4B-00C04F79EFBC}") = "ASB.SenderConsole", "ASB.SenderConsole\ASB.SenderConsole.csproj", "{4DC1B830-FBF2-401C-9A94-F10A5E2C8857}"
EndProject
Project("{FAE04EC0-301F-11D3-BF4B-00C04F79EFBC}") = "ASB", "ASB\ASB.csproj", "{C5AB31F4-84CE-4FC8-B150-9E74987010E0}"
EndProject
Project("{FAE04EC0-301F-11D3-BF4B-00C04F79EFBC}") = "ASB.Test", "ASB.Test\ASB.Test.csproj", "{0B877022-A7B7-4ACC-809E-38B2F89890B1}"
EndProject
Project("{FAE04EC0-301F-11D3-BF4B-00C04F79EFBC}") = "ASB.ReceiverConsole", "ASB.ReceiverConsole\ASB.ReceiverConsole.csproj", "{1096EFB0-49F3-4A83-9E5C-1AFCBD7502EB}"
EndProject
Project("{FAE04EC0-301F-11D3-BF4B-00C04F79EFBC}") = "ASB.Constants", "ASB.Constants\ASB.Constants.csproj", "{D22ABBD5-D084-414D-99E4-5FACB7FB147A}"
EndProject
Project("{FAE04EC0-301F-11D3-BF4B-00C04F79EFBC}") = "ASB.ChatConsole", "ASB.ChatConsole\ASB.ChatConsole.csproj", "{40464157-FEE0-47FC-82D8-1DE660B27E67}"
EndProject
Project("{FAE04EC0-301F-11D3-BF4B-00C04F79EFBC}") = "ASB.ManagementConsole", "ASB.ManagementConsole\ASB.ManagementConsole.csproj", "{4F90A796-E3F5-44CE-BC22-4B2559446E4C}"
EndProject
Project("{FAE04EC0-301F-11D3-BF4B-00C04F79EFBC}") = "DataContracts", "DataContracts\DataContracts.csproj", "{C2178556-B61B-4E45-B825-5000754E73CD}"
EndProject
Global
	GlobalSection(SolutionConfigurationPlatforms) = preSolution
		Debug|Any CPU = Debug|Any CPU
		Release|Any CPU = Release|Any CPU
	EndGlobalSection
	GlobalSection(ProjectConfigurationPlatforms) = postSolution
		{4DC1B830-FBF2-401C-9A94-F10A5E2C8857}.Debug|Any CPU.ActiveCfg = Debug|Any CPU
		{4DC1B830-FBF2-401C-9A94-F10A5E2C8857}.Debug|Any CPU.Build.0 = Debug|Any CPU
		{4DC1B830-FBF2-401C-9A94-F10A5E2C8857}.Release|Any CPU.ActiveCfg = Release|Any CPU
		{4DC1B830-FBF2-401C-9A94-F10A5E2C8857}.Release|Any CPU.Build.0 = Release|Any CPU
		{C5AB31F4-84CE-4FC8-B150-9E74987010E0}.Debug|Any CPU.ActiveCfg = Debug|Any CPU
		{C5AB31F4-84CE-4FC8-B150-9E74987010E0}.Debug|Any CPU.Build.0 = Debug|Any CPU
		{C5AB31F4-84CE-4FC8-B150-9E74987010E0}.Release|Any CPU.ActiveCfg = Release|Any CPU
		{C5AB31F4-84CE-4FC8-B150-9E74987010E0}.Release|Any CPU.Build.0 = Release|Any CPU
		{0B877022-A7B7-4ACC-809E-38B2F89890B1}.Debug|Any CPU.ActiveCfg = Debug|Any CPU
		{0B877022-A7B7-4ACC-809E-38B2F89890B1}.Debug|Any CPU.Build.0 = Debug|Any CPU
		{0B877022-A7B7-4ACC-809E-38B2F89890B1}.Release|Any CPU.ActiveCfg = Release|Any CPU
		{0B877022-A7B7-4ACC-809E-38B2F89890B1}.Release|Any CPU.Build.0 = Release|Any CPU
		{1096EFB0-49F3-4A83-9E5C-1AFCBD7502EB}.Debug|Any CPU.ActiveCfg = Debug|Any CPU
		{1096EFB0-49F3-4A83-9E5C-1AFCBD7502EB}.Debug|Any CPU.Build.0 = Debug|Any CPU
		{1096EFB0-49F3-4A83-9E5C-1AFCBD7502EB}.Release|Any CPU.ActiveCfg = Release|Any CPU
		{1096EFB0-49F3-4A83-9E5C-1AFCBD7502EB}.Release|Any CPU.Build.0 = Release|Any CPU
		{D22ABBD5-D084-414D-99E4-5FACB7FB147A}.Debug|Any CPU.ActiveCfg = Debug|Any CPU
		{D22ABBD5-D084-414D-99E4-5FACB7FB147A}.Debug|Any CPU.Build.0 = Debug|Any CPU
		{D22ABBD5-D084-414D-99E4-5FACB7FB147A}.Release|Any CPU.ActiveCfg = Release|Any CPU
		{D22ABBD5-D084-414D-99E4-5FACB7FB147A}.Release|Any CPU.Build.0 = Release|Any CPU
		{40464157-FEE0-47FC-82D8-1DE660B27E67}.Debug|Any CPU.ActiveCfg = Debug|Any CPU
		{40464157-FEE0-47FC-82D8-1DE660B27E67}.Debug|Any CPU.Build.0 = Debug|Any CPU
		{40464157-FEE0-47FC-82D8-1DE660B27E67}.Release|Any CPU.ActiveCfg = Release|Any CPU
		{40464157-FEE0-47FC-82D8-1DE660B27E67}.Release|Any CPU.Build.0 = Release|Any CPU
		{4F90A796-E3F5-44CE-BC22-4B2559446E4C}.Debug|Any CPU.ActiveCfg = Debug|Any CPU
		{4F90A796-E3F5-44CE-BC22-4B2559446E4C}.Debug|Any CPU.Build.0 = Debug|Any CPU
		{4F90A796-E3F5-44CE-BC22-4B2559446E4C}.Release|Any CPU.ActiveCfg = Release|Any CPU
		{4F90A796-E3F5-44CE-BC22-4B2559446E4C}.Release|Any CPU.Build.0 = Release|Any CPU
		{C2178556-B61B-4E45-B825-5000754E73CD}.Debug|Any CPU.ActiveCfg = Debug|Any CPU
		{C2178556-B61B-4E45-B825-5000754E73CD}.Debug|Any CPU.Build.0 = Debug|Any CPU
		{C2178556-B61B-4E45-B825-5000754E73CD}.Release|Any CPU.ActiveCfg = Release|Any CPU
		{C2178556-B61B-4E45-B825-5000754E73CD}.Release|Any CPU.Build.0 = Release|Any CPU
	EndGlobalSection
	GlobalSection(SolutionProperties) = preSolution
		HideSolutionNode = FALSE
	EndGlobalSection
EndGlobal
